// !$*UTF8*$!
{
	archiveVersion = 1;
	classes = {
	};
	objectVersion = 46;
	objects = {

/* Begin PBXBuildFile section */
		083AF84D1E9F9A3F00AE5445 /* AppDelegate.swift in Sources */ = {isa = PBXBuildFile; fileRef = 083AF84C1E9F9A3F00AE5445 /* AppDelegate.swift */; };
		083AF84F1E9F9A3F00AE5445 /* MainVC.swift in Sources */ = {isa = PBXBuildFile; fileRef = 083AF84E1E9F9A3F00AE5445 /* MainVC.swift */; };
		083AF8521E9F9A3F00AE5445 /* Main.storyboard in Resources */ = {isa = PBXBuildFile; fileRef = 083AF8501E9F9A3F00AE5445 /* Main.storyboard */; };
		083AF8541E9F9A3F00AE5445 /* Assets.xcassets in Resources */ = {isa = PBXBuildFile; fileRef = 083AF8531E9F9A3F00AE5445 /* Assets.xcassets */; };
		083AF8621E9F9A3F00AE5445 /* QuantoTests.swift in Sources */ = {isa = PBXBuildFile; fileRef = 083AF8611E9F9A3F00AE5445 /* QuantoTests.swift */; };
		083AF86D1E9F9A3F00AE5445 /* QuantoUITests.swift in Sources */ = {isa = PBXBuildFile; fileRef = 083AF86C1E9F9A3F00AE5445 /* QuantoUITests.swift */; };
		0F561CBC6512B41519904C62 /* Pods_Quanto.framework in Frameworks */ = {isa = PBXBuildFile; fileRef = FB7BCD3EB42EC9867B599AD8 /* Pods_Quanto.framework */; };
		6E93D765098D7FAC7F1EB7D8 /* Pods_QuantoUITests.framework in Frameworks */ = {isa = PBXBuildFile; fileRef = BE14B400F909C11F44D5EC9B /* Pods_QuantoUITests.framework */; };
		7A0AEC761F1E4D5C0094C40E /* OnBoardingUITest.swift in Sources */ = {isa = PBXBuildFile; fileRef = 7A0AEC751F1E4D5B0094C40E /* OnBoardingUITest.swift */; };
		7A0AEC7A1F1FA7B20094C40E /* CountingLabel.swift in Sources */ = {isa = PBXBuildFile; fileRef = 7A0AEC791F1FA7B10094C40E /* CountingLabel.swift */; };
		7A0D763D1F0660EB007F5AB4 /* CountryButtonPulse.swift in Sources */ = {isa = PBXBuildFile; fileRef = 7A0D763C1F0660EB007F5AB4 /* CountryButtonPulse.swift */; };
		7A111ED11EF8112A0042ED78 /* Constants.swift in Sources */ = {isa = PBXBuildFile; fileRef = 7A111ED01EF8112A0042ED78 /* Constants.swift */; };
		7A111ED31EF8114B0042ED78 /* DataService.swift in Sources */ = {isa = PBXBuildFile; fileRef = 7A111ED21EF8114B0042ED78 /* DataService.swift */; };
		7A111ED51EF811650042ED78 /* ExchangeService.swift in Sources */ = {isa = PBXBuildFile; fileRef = 7A111ED41EF811650042ED78 /* ExchangeService.swift */; };
		7A111ED71EF812A40042ED78 /* GoogleService-Info.plist in Resources */ = {isa = PBXBuildFile; fileRef = 7A111ED61EF812A40042ED78 /* GoogleService-Info.plist */; };
		7A111ED91EF815840042ED78 /* CountryData.swift in Sources */ = {isa = PBXBuildFile; fileRef = 7A111ED81EF815840042ED78 /* CountryData.swift */; };
		7A111EDD1EF8165F0042ED78 /* DestCurrVC.swift in Sources */ = {isa = PBXBuildFile; fileRef = 7A111EDC1EF8165F0042ED78 /* DestCurrVC.swift */; };
		7A111EDF1EF816720042ED78 /* BaseCurrVC.swift in Sources */ = {isa = PBXBuildFile; fileRef = 7A111EDE1EF816720042ED78 /* BaseCurrVC.swift */; };
		7A111EE11EF816F60042ED78 /* CurrencyCell.swift in Sources */ = {isa = PBXBuildFile; fileRef = 7A111EE01EF816F60042ED78 /* CurrencyCell.swift */; };
		7A111EE51EF86B330042ED78 /* CityData.swift in Sources */ = {isa = PBXBuildFile; fileRef = 7A111EE41EF86B330042ED78 /* CityData.swift */; };
		7A1DBE761EEACC7C00790B54 /* ProductCell.swift in Sources */ = {isa = PBXBuildFile; fileRef = 7A1DBE751EEACC7C00790B54 /* ProductCell.swift */; };
		7A1DBEB91EED802600790B54 /* Bariol_Bold_Italic.otf in Resources */ = {isa = PBXBuildFile; fileRef = 7A1DBEB21EED802600790B54 /* Bariol_Bold_Italic.otf */; };
		7A1DBEBA1EED802600790B54 /* Bariol_Bold.otf in Resources */ = {isa = PBXBuildFile; fileRef = 7A1DBEB31EED802600790B54 /* Bariol_Bold.otf */; };
		7A1DBEBB1EED802600790B54 /* Bariol_Light_Italic.otf in Resources */ = {isa = PBXBuildFile; fileRef = 7A1DBEB41EED802600790B54 /* Bariol_Light_Italic.otf */; };
		7A1DBEBC1EED802600790B54 /* Bariol_Light.otf in Resources */ = {isa = PBXBuildFile; fileRef = 7A1DBEB51EED802600790B54 /* Bariol_Light.otf */; };
		7A1DBEBD1EED802600790B54 /* Bariol_Regular.otf in Resources */ = {isa = PBXBuildFile; fileRef = 7A1DBEB61EED802600790B54 /* Bariol_Regular.otf */; };
		7A1DBEBE1EED802600790B54 /* Bariol_Thin_Italic.otf in Resources */ = {isa = PBXBuildFile; fileRef = 7A1DBEB71EED802600790B54 /* Bariol_Thin_Italic.otf */; };
		7A1DBEBF1EED802600790B54 /* Bariol_Thin.otf in Resources */ = {isa = PBXBuildFile; fileRef = 7A1DBEB81EED802600790B54 /* Bariol_Thin.otf */; };
		7A1DBEC11EF172BE00790B54 /* CityCell.swift in Sources */ = {isa = PBXBuildFile; fileRef = 7A1DBEC01EF172BE00790B54 /* CityCell.swift */; };
		7A382FF41F9507680061762B /* QuantoCoreData.xcdatamodeld in Sources */ = {isa = PBXBuildFile; fileRef = 7A382FF21F9507680061762B /* QuantoCoreData.xcdatamodeld */; };
		7A75586F1EF684E500EC2396 /* LaunchScreen.storyboard in Resources */ = {isa = PBXBuildFile; fileRef = 7A75586D1EF684E500EC2396 /* LaunchScreen.storyboard */; };
		7AF443221F066A6E006C8958 /* OnBoarding.swift in Sources */ = {isa = PBXBuildFile; fileRef = 7AF443211F066A6E006C8958 /* OnBoarding.swift */; };
		7AF443261F066C24006C8958 /* OnBoardingVC.swift in Sources */ = {isa = PBXBuildFile; fileRef = 7AF443251F066C24006C8958 /* OnBoardingVC.swift */; };
		7AF443281F0685B3006C8958 /* LaunchScreen@2x.png in Resources */ = {isa = PBXBuildFile; fileRef = 7AF443271F0685B3006C8958 /* LaunchScreen@2x.png */; };
		A3F196E04C9D41A7B9014822 /* Pods_QuantoTests.framework in Frameworks */ = {isa = PBXBuildFile; fileRef = EAE10EF19B789DC01203CA16 /* Pods_QuantoTests.framework */; };
/* End PBXBuildFile section */

/* Begin PBXContainerItemProxy section */
		083AF85E1E9F9A3F00AE5445 /* PBXContainerItemProxy */ = {
			isa = PBXContainerItemProxy;
			containerPortal = 083AF8411E9F9A3E00AE5445 /* Project object */;
			proxyType = 1;
			remoteGlobalIDString = 083AF8481E9F9A3E00AE5445;
			remoteInfo = Quanto;
		};
		083AF8691E9F9A3F00AE5445 /* PBXContainerItemProxy */ = {
			isa = PBXContainerItemProxy;
			containerPortal = 083AF8411E9F9A3E00AE5445 /* Project object */;
			proxyType = 1;
			remoteGlobalIDString = 083AF8481E9F9A3E00AE5445;
			remoteInfo = Quanto;
		};
/* End PBXContainerItemProxy section */

/* Begin PBXFileReference section */
		083AF8491E9F9A3F00AE5445 /* Quanto.app */ = {isa = PBXFileReference; explicitFileType = wrapper.application; includeInIndex = 0; path = Quanto.app; sourceTree = BUILT_PRODUCTS_DIR; };
		083AF84C1E9F9A3F00AE5445 /* AppDelegate.swift */ = {isa = PBXFileReference; lastKnownFileType = sourcecode.swift; path = AppDelegate.swift; sourceTree = "<group>"; };
		083AF84E1E9F9A3F00AE5445 /* MainVC.swift */ = {isa = PBXFileReference; lastKnownFileType = sourcecode.swift; path = MainVC.swift; sourceTree = "<group>"; };
		083AF8511E9F9A3F00AE5445 /* Base */ = {isa = PBXFileReference; lastKnownFileType = file.storyboard; name = Base; path = Base.lproj/Main.storyboard; sourceTree = "<group>"; };
		083AF8531E9F9A3F00AE5445 /* Assets.xcassets */ = {isa = PBXFileReference; lastKnownFileType = folder.assetcatalog; path = Assets.xcassets; sourceTree = "<group>"; };
		083AF8581E9F9A3F00AE5445 /* Info.plist */ = {isa = PBXFileReference; lastKnownFileType = text.plist.xml; path = Info.plist; sourceTree = "<group>"; };
		083AF85D1E9F9A3F00AE5445 /* QuantoTests.xctest */ = {isa = PBXFileReference; explicitFileType = wrapper.cfbundle; includeInIndex = 0; path = QuantoTests.xctest; sourceTree = BUILT_PRODUCTS_DIR; };
		083AF8611E9F9A3F00AE5445 /* QuantoTests.swift */ = {isa = PBXFileReference; lastKnownFileType = sourcecode.swift; path = QuantoTests.swift; sourceTree = "<group>"; };
		083AF8631E9F9A3F00AE5445 /* Info.plist */ = {isa = PBXFileReference; lastKnownFileType = text.plist.xml; path = Info.plist; sourceTree = "<group>"; };
		083AF8681E9F9A3F00AE5445 /* QuantoUITests.xctest */ = {isa = PBXFileReference; explicitFileType = wrapper.cfbundle; includeInIndex = 0; path = QuantoUITests.xctest; sourceTree = BUILT_PRODUCTS_DIR; };
		083AF86C1E9F9A3F00AE5445 /* QuantoUITests.swift */ = {isa = PBXFileReference; lastKnownFileType = sourcecode.swift; path = QuantoUITests.swift; sourceTree = "<group>"; };
		083AF86E1E9F9A3F00AE5445 /* Info.plist */ = {isa = PBXFileReference; lastKnownFileType = text.plist.xml; path = Info.plist; sourceTree = "<group>"; };
		322B8AADB34F9756AAA2CA05 /* Pods-Quanto.debug.xcconfig */ = {isa = PBXFileReference; includeInIndex = 1; lastKnownFileType = text.xcconfig; name = "Pods-Quanto.debug.xcconfig"; path = "Pods/Target Support Files/Pods-Quanto/Pods-Quanto.debug.xcconfig"; sourceTree = "<group>"; };
		6859BF1640DC9097F58D812D /* Pods-QuantoUITests.release.xcconfig */ = {isa = PBXFileReference; includeInIndex = 1; lastKnownFileType = text.xcconfig; name = "Pods-QuantoUITests.release.xcconfig"; path = "Pods/Target Support Files/Pods-QuantoUITests/Pods-QuantoUITests.release.xcconfig"; sourceTree = "<group>"; };
		7A0AEC751F1E4D5B0094C40E /* OnBoardingUITest.swift */ = {isa = PBXFileReference; fileEncoding = 4; lastKnownFileType = sourcecode.swift; path = OnBoardingUITest.swift; sourceTree = "<group>"; };
		7A0AEC791F1FA7B10094C40E /* CountingLabel.swift */ = {isa = PBXFileReference; fileEncoding = 4; lastKnownFileType = sourcecode.swift; path = CountingLabel.swift; sourceTree = "<group>"; };
		7A0D763C1F0660EB007F5AB4 /* CountryButtonPulse.swift */ = {isa = PBXFileReference; fileEncoding = 4; lastKnownFileType = sourcecode.swift; path = CountryButtonPulse.swift; sourceTree = "<group>"; };
		7A111ED01EF8112A0042ED78 /* Constants.swift */ = {isa = PBXFileReference; fileEncoding = 4; lastKnownFileType = sourcecode.swift; path = Constants.swift; sourceTree = "<group>"; };
		7A111ED21EF8114B0042ED78 /* DataService.swift */ = {isa = PBXFileReference; fileEncoding = 4; lastKnownFileType = sourcecode.swift; path = DataService.swift; sourceTree = "<group>"; };
		7A111ED41EF811650042ED78 /* ExchangeService.swift */ = {isa = PBXFileReference; fileEncoding = 4; lastKnownFileType = sourcecode.swift; path = ExchangeService.swift; sourceTree = "<group>"; };
		7A111ED61EF812A40042ED78 /* GoogleService-Info.plist */ = {isa = PBXFileReference; fileEncoding = 4; lastKnownFileType = text.plist.xml; path = "GoogleService-Info.plist"; sourceTree = "<group>"; };
		7A111ED81EF815840042ED78 /* CountryData.swift */ = {isa = PBXFileReference; fileEncoding = 4; lastKnownFileType = sourcecode.swift; path = CountryData.swift; sourceTree = "<group>"; };
		7A111EDC1EF8165F0042ED78 /* DestCurrVC.swift */ = {isa = PBXFileReference; fileEncoding = 4; lastKnownFileType = sourcecode.swift; path = DestCurrVC.swift; sourceTree = "<group>"; };
		7A111EDE1EF816720042ED78 /* BaseCurrVC.swift */ = {isa = PBXFileReference; fileEncoding = 4; lastKnownFileType = sourcecode.swift; path = BaseCurrVC.swift; sourceTree = "<group>"; };
		7A111EE01EF816F60042ED78 /* CurrencyCell.swift */ = {isa = PBXFileReference; fileEncoding = 4; lastKnownFileType = sourcecode.swift; path = CurrencyCell.swift; sourceTree = "<group>"; };
		7A111EE41EF86B330042ED78 /* CityData.swift */ = {isa = PBXFileReference; fileEncoding = 4; lastKnownFileType = sourcecode.swift; path = CityData.swift; sourceTree = "<group>"; };
		7A1DBE751EEACC7C00790B54 /* ProductCell.swift */ = {isa = PBXFileReference; fileEncoding = 4; lastKnownFileType = sourcecode.swift; name = ProductCell.swift; path = ../ProductCell.swift; sourceTree = "<group>"; };
		7A1DBEB21EED802600790B54 /* Bariol_Bold_Italic.otf */ = {isa = PBXFileReference; lastKnownFileType = file; path = Bariol_Bold_Italic.otf; sourceTree = "<group>"; };
		7A1DBEB31EED802600790B54 /* Bariol_Bold.otf */ = {isa = PBXFileReference; lastKnownFileType = file; path = Bariol_Bold.otf; sourceTree = "<group>"; };
		7A1DBEB41EED802600790B54 /* Bariol_Light_Italic.otf */ = {isa = PBXFileReference; lastKnownFileType = file; path = Bariol_Light_Italic.otf; sourceTree = "<group>"; };
		7A1DBEB51EED802600790B54 /* Bariol_Light.otf */ = {isa = PBXFileReference; lastKnownFileType = file; path = Bariol_Light.otf; sourceTree = "<group>"; };
		7A1DBEB61EED802600790B54 /* Bariol_Regular.otf */ = {isa = PBXFileReference; lastKnownFileType = file; path = Bariol_Regular.otf; sourceTree = "<group>"; };
		7A1DBEB71EED802600790B54 /* Bariol_Thin_Italic.otf */ = {isa = PBXFileReference; lastKnownFileType = file; path = Bariol_Thin_Italic.otf; sourceTree = "<group>"; };
		7A1DBEB81EED802600790B54 /* Bariol_Thin.otf */ = {isa = PBXFileReference; lastKnownFileType = file; path = Bariol_Thin.otf; sourceTree = "<group>"; };
		7A1DBEC01EF172BE00790B54 /* CityCell.swift */ = {isa = PBXFileReference; fileEncoding = 4; lastKnownFileType = sourcecode.swift; path = CityCell.swift; sourceTree = "<group>"; };
		7A382FF31F9507680061762B /* QuantoCoreData.xcdatamodel */ = {isa = PBXFileReference; lastKnownFileType = wrapper.xcdatamodel; path = QuantoCoreData.xcdatamodel; sourceTree = "<group>"; };
		7A75586E1EF684E500EC2396 /* Base */ = {isa = PBXFileReference; lastKnownFileType = file.storyboard; name = Base; path = Quanto/Base.lproj/LaunchScreen.storyboard; sourceTree = "<group>"; };
		7A849D5D1F14E3C700079161 /* Quanto.entitlements */ = {isa = PBXFileReference; lastKnownFileType = text.plist.entitlements; path = Quanto.entitlements; sourceTree = "<group>"; };
		7AF443211F066A6E006C8958 /* OnBoarding.swift */ = {isa = PBXFileReference; fileEncoding = 4; lastKnownFileType = sourcecode.swift; path = OnBoarding.swift; sourceTree = "<group>"; };
		7AF443251F066C24006C8958 /* OnBoardingVC.swift */ = {isa = PBXFileReference; fileEncoding = 4; lastKnownFileType = sourcecode.swift; path = OnBoardingVC.swift; sourceTree = "<group>"; };
		7AF443271F0685B3006C8958 /* LaunchScreen@2x.png */ = {isa = PBXFileReference; lastKnownFileType = image.png; path = "LaunchScreen@2x.png"; sourceTree = "<group>"; };
		9908104F371C4991C5E53344 /* Pods-QuantoTests.debug.xcconfig */ = {isa = PBXFileReference; includeInIndex = 1; lastKnownFileType = text.xcconfig; name = "Pods-QuantoTests.debug.xcconfig"; path = "Pods/Target Support Files/Pods-QuantoTests/Pods-QuantoTests.debug.xcconfig"; sourceTree = "<group>"; };
		BE14B400F909C11F44D5EC9B /* Pods_QuantoUITests.framework */ = {isa = PBXFileReference; explicitFileType = wrapper.framework; includeInIndex = 0; path = Pods_QuantoUITests.framework; sourceTree = BUILT_PRODUCTS_DIR; };
		D7D6C895F026A255A0E8E604 /* Pods-Quanto.release.xcconfig */ = {isa = PBXFileReference; includeInIndex = 1; lastKnownFileType = text.xcconfig; name = "Pods-Quanto.release.xcconfig"; path = "Pods/Target Support Files/Pods-Quanto/Pods-Quanto.release.xcconfig"; sourceTree = "<group>"; };
		EAE10EF19B789DC01203CA16 /* Pods_QuantoTests.framework */ = {isa = PBXFileReference; explicitFileType = wrapper.framework; includeInIndex = 0; path = Pods_QuantoTests.framework; sourceTree = BUILT_PRODUCTS_DIR; };
		F3EE4AA80CD78F602090DED4 /* Pods-QuantoUITests.debug.xcconfig */ = {isa = PBXFileReference; includeInIndex = 1; lastKnownFileType = text.xcconfig; name = "Pods-QuantoUITests.debug.xcconfig"; path = "Pods/Target Support Files/Pods-QuantoUITests/Pods-QuantoUITests.debug.xcconfig"; sourceTree = "<group>"; };
		F57C65DB55919298D22DA1A6 /* Pods-QuantoTests.release.xcconfig */ = {isa = PBXFileReference; includeInIndex = 1; lastKnownFileType = text.xcconfig; name = "Pods-QuantoTests.release.xcconfig"; path = "Pods/Target Support Files/Pods-QuantoTests/Pods-QuantoTests.release.xcconfig"; sourceTree = "<group>"; };
		FB7BCD3EB42EC9867B599AD8 /* Pods_Quanto.framework */ = {isa = PBXFileReference; explicitFileType = wrapper.framework; includeInIndex = 0; path = Pods_Quanto.framework; sourceTree = BUILT_PRODUCTS_DIR; };
/* End PBXFileReference section */

/* Begin PBXFrameworksBuildPhase section */
		083AF8461E9F9A3E00AE5445 /* Frameworks */ = {
			isa = PBXFrameworksBuildPhase;
			buildActionMask = 2147483647;
			files = (
				0F561CBC6512B41519904C62 /* Pods_Quanto.framework in Frameworks */,
			);
			runOnlyForDeploymentPostprocessing = 0;
		};
		083AF85A1E9F9A3F00AE5445 /* Frameworks */ = {
			isa = PBXFrameworksBuildPhase;
			buildActionMask = 2147483647;
			files = (
				A3F196E04C9D41A7B9014822 /* Pods_QuantoTests.framework in Frameworks */,
			);
			runOnlyForDeploymentPostprocessing = 0;
		};
		083AF8651E9F9A3F00AE5445 /* Frameworks */ = {
			isa = PBXFrameworksBuildPhase;
			buildActionMask = 2147483647;
			files = (
				6E93D765098D7FAC7F1EB7D8 /* Pods_QuantoUITests.framework in Frameworks */,
			);
			runOnlyForDeploymentPostprocessing = 0;
		};
/* End PBXFrameworksBuildPhase section */

/* Begin PBXGroup section */
		083AF8401E9F9A3E00AE5445 = {
			isa = PBXGroup;
			children = (
				083AF84B1E9F9A3F00AE5445 /* Quanto */,
				083AF8601E9F9A3F00AE5445 /* QuantoTests */,
				083AF86B1E9F9A3F00AE5445 /* QuantoUITests */,
				083AF84A1E9F9A3F00AE5445 /* Products */,
				68BE53E9F555FBBB192B6601 /* Pods */,
				3CB1860E4C7ABEF04E19C52D /* Frameworks */,
			);
			sourceTree = "<group>";
		};
		083AF84A1E9F9A3F00AE5445 /* Products */ = {
			isa = PBXGroup;
			children = (
				083AF8491E9F9A3F00AE5445 /* Quanto.app */,
				083AF85D1E9F9A3F00AE5445 /* QuantoTests.xctest */,
				083AF8681E9F9A3F00AE5445 /* QuantoUITests.xctest */,
			);
			name = Products;
			sourceTree = "<group>";
		};
		083AF84B1E9F9A3F00AE5445 /* Quanto */ = {
			isa = PBXGroup;
			children = (
				7A849D5D1F14E3C700079161 /* Quanto.entitlements */,
				083AF84C1E9F9A3F00AE5445 /* AppDelegate.swift */,
				7A111ED01EF8112A0042ED78 /* Constants.swift */,
				7A111ED21EF8114B0042ED78 /* DataService.swift */,
				7A111ED41EF811650042ED78 /* ExchangeService.swift */,
				7A111ECF1EF810EE0042ED78 /* Model */,
				7A111ECE1EF810B40042ED78 /* Controller */,
				7A111ECD1EF810A60042ED78 /* View */,
				7AE3F7271EF6877300384FC9 /* images */,
				083AF8501E9F9A3F00AE5445 /* Main.storyboard */,
				083AF8531E9F9A3F00AE5445 /* Assets.xcassets */,
				7A75586D1EF684E500EC2396 /* LaunchScreen.storyboard */,
				083AF8581E9F9A3F00AE5445 /* Info.plist */,
				7A111ED61EF812A40042ED78 /* GoogleService-Info.plist */,
				7A382FF21F9507680061762B /* QuantoCoreData.xcdatamodeld */,
			);
			path = Quanto;
			sourceTree = "<group>";
		};
		083AF8601E9F9A3F00AE5445 /* QuantoTests */ = {
			isa = PBXGroup;
			children = (
				083AF8611E9F9A3F00AE5445 /* QuantoTests.swift */,
				083AF8631E9F9A3F00AE5445 /* Info.plist */,
			);
			path = QuantoTests;
			sourceTree = "<group>";
		};
		083AF86B1E9F9A3F00AE5445 /* QuantoUITests */ = {
			isa = PBXGroup;
			children = (
				083AF86C1E9F9A3F00AE5445 /* QuantoUITests.swift */,
				7A0AEC751F1E4D5B0094C40E /* OnBoardingUITest.swift */,
				083AF86E1E9F9A3F00AE5445 /* Info.plist */,
			);
			path = QuantoUITests;
			sourceTree = "<group>";
		};
		3CB1860E4C7ABEF04E19C52D /* Frameworks */ = {
			isa = PBXGroup;
			children = (
				FB7BCD3EB42EC9867B599AD8 /* Pods_Quanto.framework */,
				EAE10EF19B789DC01203CA16 /* Pods_QuantoTests.framework */,
				BE14B400F909C11F44D5EC9B /* Pods_QuantoUITests.framework */,
			);
			name = Frameworks;
			sourceTree = "<group>";
		};
		68BE53E9F555FBBB192B6601 /* Pods */ = {
			isa = PBXGroup;
			children = (
				322B8AADB34F9756AAA2CA05 /* Pods-Quanto.debug.xcconfig */,
				D7D6C895F026A255A0E8E604 /* Pods-Quanto.release.xcconfig */,
				9908104F371C4991C5E53344 /* Pods-QuantoTests.debug.xcconfig */,
				F57C65DB55919298D22DA1A6 /* Pods-QuantoTests.release.xcconfig */,
				F3EE4AA80CD78F602090DED4 /* Pods-QuantoUITests.debug.xcconfig */,
				6859BF1640DC9097F58D812D /* Pods-QuantoUITests.release.xcconfig */,
			);
			name = Pods;
			sourceTree = "<group>";
		};
		7A0AEC771F1FA7800094C40E /* Label */ = {
			isa = PBXGroup;
			children = (
				7A0AEC791F1FA7B10094C40E /* CountingLabel.swift */,
			);
			name = Label;
			sourceTree = "<group>";
		};
		7A0AEC781F1FA78A0094C40E /* Cells */ = {
			isa = PBXGroup;
			children = (
				7A1DBE751EEACC7C00790B54 /* ProductCell.swift */,
				7A1DBEC01EF172BE00790B54 /* CityCell.swift */,
				7A111EE01EF816F60042ED78 /* CurrencyCell.swift */,
			);
			name = Cells;
			sourceTree = "<group>";
		};
		7A0D763B1F0660C2007F5AB4 /* Animations */ = {
			isa = PBXGroup;
			children = (
				7A0D763C1F0660EB007F5AB4 /* CountryButtonPulse.swift */,
			);
			name = Animations;
			sourceTree = "<group>";
		};
		7A0D763E1F0669A4007F5AB4 /* WalkThrough */ = {
			isa = PBXGroup;
			children = (
				7AF443211F066A6E006C8958 /* OnBoarding.swift */,
			);
			name = WalkThrough;
			sourceTree = "<group>";
		};
		7A111ECD1EF810A60042ED78 /* View */ = {
			isa = PBXGroup;
			children = (
				7A0AEC781F1FA78A0094C40E /* Cells */,
				7A0AEC771F1FA7800094C40E /* Label */,
				7A0D763E1F0669A4007F5AB4 /* WalkThrough */,
				7A0D763B1F0660C2007F5AB4 /* Animations */,
				7A1DBEB11EED800F00790B54 /* Fonts */,
			);
			name = View;
			sourceTree = "<group>";
		};
		7A111ECE1EF810B40042ED78 /* Controller */ = {
			isa = PBXGroup;
			children = (
				083AF84E1E9F9A3F00AE5445 /* MainVC.swift */,
				7A111EDC1EF8165F0042ED78 /* DestCurrVC.swift */,
				7A111EDE1EF816720042ED78 /* BaseCurrVC.swift */,
				7AF443251F066C24006C8958 /* OnBoardingVC.swift */,
			);
			name = Controller;
			sourceTree = "<group>";
		};
		7A111ECF1EF810EE0042ED78 /* Model */ = {
			isa = PBXGroup;
			children = (
				7A111ED81EF815840042ED78 /* CountryData.swift */,
				7A111EE41EF86B330042ED78 /* CityData.swift */,
			);
			name = Model;
			sourceTree = "<group>";
		};
		7A1DBEB11EED800F00790B54 /* Fonts */ = {
			isa = PBXGroup;
			children = (
				7A1DBEB21EED802600790B54 /* Bariol_Bold_Italic.otf */,
				7A1DBEB31EED802600790B54 /* Bariol_Bold.otf */,
				7A1DBEB41EED802600790B54 /* Bariol_Light_Italic.otf */,
				7A1DBEB51EED802600790B54 /* Bariol_Light.otf */,
				7A1DBEB61EED802600790B54 /* Bariol_Regular.otf */,
				7A1DBEB71EED802600790B54 /* Bariol_Thin_Italic.otf */,
				7A1DBEB81EED802600790B54 /* Bariol_Thin.otf */,
			);
			name = Fonts;
			sourceTree = "<group>";
		};
		7AE3F7271EF6877300384FC9 /* images */ = {
			isa = PBXGroup;
			children = (
				7AF443271F0685B3006C8958 /* LaunchScreen@2x.png */,
			);
			name = images;
			sourceTree = "<group>";
		};
/* End PBXGroup section */

/* Begin PBXNativeTarget section */
		083AF8481E9F9A3E00AE5445 /* Quanto */ = {
			isa = PBXNativeTarget;
			buildConfigurationList = 083AF8711E9F9A3F00AE5445 /* Build configuration list for PBXNativeTarget "Quanto" */;
			buildPhases = (
				6C23DC5CC025115FCF435CC0 /* [CP] Check Pods Manifest.lock */,
				083AF8451E9F9A3E00AE5445 /* Sources */,
				083AF8461E9F9A3E00AE5445 /* Frameworks */,
				083AF8471E9F9A3E00AE5445 /* Resources */,
				B1CDDEC15022CDFBCA669511 /* [CP] Embed Pods Frameworks */,
				E2B88138AC0141BA5B91DF4C /* [CP] Copy Pods Resources */,
				7A0A93391F0B3924002D2975 /* Upload symbols to Crash Report */,
			);
			buildRules = (
			);
			dependencies = (
			);
			name = Quanto;
			productName = Quanto;
			productReference = 083AF8491E9F9A3F00AE5445 /* Quanto.app */;
			productType = "com.apple.product-type.application";
		};
		083AF85C1E9F9A3F00AE5445 /* QuantoTests */ = {
			isa = PBXNativeTarget;
			buildConfigurationList = 083AF8741E9F9A3F00AE5445 /* Build configuration list for PBXNativeTarget "QuantoTests" */;
			buildPhases = (
				5908240E53C5A528AF70EA61 /* [CP] Check Pods Manifest.lock */,
				083AF8591E9F9A3F00AE5445 /* Sources */,
				083AF85A1E9F9A3F00AE5445 /* Frameworks */,
				083AF85B1E9F9A3F00AE5445 /* Resources */,
				80D6F5EC9E488193C883A0C4 /* [CP] Embed Pods Frameworks */,
				5743BAC4DE71981A49B4942E /* [CP] Copy Pods Resources */,
			);
			buildRules = (
			);
			dependencies = (
				083AF85F1E9F9A3F00AE5445 /* PBXTargetDependency */,
			);
			name = QuantoTests;
			productName = QuantoTests;
			productReference = 083AF85D1E9F9A3F00AE5445 /* QuantoTests.xctest */;
			productType = "com.apple.product-type.bundle.unit-test";
		};
		083AF8671E9F9A3F00AE5445 /* QuantoUITests */ = {
			isa = PBXNativeTarget;
			buildConfigurationList = 083AF8771E9F9A3F00AE5445 /* Build configuration list for PBXNativeTarget "QuantoUITests" */;
			buildPhases = (
				FB927D3A931BE3FB9EB5D65E /* [CP] Check Pods Manifest.lock */,
				083AF8641E9F9A3F00AE5445 /* Sources */,
				083AF8651E9F9A3F00AE5445 /* Frameworks */,
				083AF8661E9F9A3F00AE5445 /* Resources */,
				0D462E04E4BD13DC0AE984F6 /* [CP] Embed Pods Frameworks */,
				A60F771DAF81E5112070B3DA /* [CP] Copy Pods Resources */,
			);
			buildRules = (
			);
			dependencies = (
				083AF86A1E9F9A3F00AE5445 /* PBXTargetDependency */,
			);
			name = QuantoUITests;
			productName = QuantoUITests;
			productReference = 083AF8681E9F9A3F00AE5445 /* QuantoUITests.xctest */;
			productType = "com.apple.product-type.bundle.ui-testing";
		};
/* End PBXNativeTarget section */

/* Begin PBXProject section */
		083AF8411E9F9A3E00AE5445 /* Project object */ = {
			isa = PBXProject;
			attributes = {
				LastSwiftUpdateCheck = 0820;
				LastUpgradeCheck = 0820;
				ORGANIZATIONNAME = "Tawanda Kanyangarara";
				TargetAttributes = {
					083AF8481E9F9A3E00AE5445 = {
						CreatedOnToolsVersion = 8.2.1;
						DevelopmentTeam = 79872QZ8UM;
						ProvisioningStyle = Automatic;
						SystemCapabilities = {
							com.apple.Push = {
								enabled = 1;
							};
						};
					};
					083AF85C1E9F9A3F00AE5445 = {
						CreatedOnToolsVersion = 8.2.1;
						DevelopmentTeam = 79872QZ8UM;
						ProvisioningStyle = Automatic;
						TestTargetID = 083AF8481E9F9A3E00AE5445;
					};
					083AF8671E9F9A3F00AE5445 = {
						CreatedOnToolsVersion = 8.2.1;
						DevelopmentTeam = 79872QZ8UM;
						ProvisioningStyle = Automatic;
						TestTargetID = 083AF8481E9F9A3E00AE5445;
					};
				};
			};
			buildConfigurationList = 083AF8441E9F9A3E00AE5445 /* Build configuration list for PBXProject "Quanto" */;
			compatibilityVersion = "Xcode 3.2";
			developmentRegion = English;
			hasScannedForEncodings = 0;
			knownRegions = (
				en,
				Base,
			);
			mainGroup = 083AF8401E9F9A3E00AE5445;
			productRefGroup = 083AF84A1E9F9A3F00AE5445 /* Products */;
			projectDirPath = "";
			projectRoot = "";
			targets = (
				083AF8481E9F9A3E00AE5445 /* Quanto */,
				083AF85C1E9F9A3F00AE5445 /* QuantoTests */,
				083AF8671E9F9A3F00AE5445 /* QuantoUITests */,
			);
		};
/* End PBXProject section */

/* Begin PBXResourcesBuildPhase section */
		083AF8471E9F9A3E00AE5445 /* Resources */ = {
			isa = PBXResourcesBuildPhase;
			buildActionMask = 2147483647;
			files = (
				083AF8541E9F9A3F00AE5445 /* Assets.xcassets in Resources */,
				7A1DBEBC1EED802600790B54 /* Bariol_Light.otf in Resources */,
				7A1DBEBD1EED802600790B54 /* Bariol_Regular.otf in Resources */,
				7A75586F1EF684E500EC2396 /* LaunchScreen.storyboard in Resources */,
				7A1DBEBE1EED802600790B54 /* Bariol_Thin_Italic.otf in Resources */,
				7A111ED71EF812A40042ED78 /* GoogleService-Info.plist in Resources */,
				7A1DBEBF1EED802600790B54 /* Bariol_Thin.otf in Resources */,
				083AF8521E9F9A3F00AE5445 /* Main.storyboard in Resources */,
				7A1DBEB91EED802600790B54 /* Bariol_Bold_Italic.otf in Resources */,
				7A1DBEBA1EED802600790B54 /* Bariol_Bold.otf in Resources */,
				7A1DBEBB1EED802600790B54 /* Bariol_Light_Italic.otf in Resources */,
				7AF443281F0685B3006C8958 /* LaunchScreen@2x.png in Resources */,
			);
			runOnlyForDeploymentPostprocessing = 0;
		};
		083AF85B1E9F9A3F00AE5445 /* Resources */ = {
			isa = PBXResourcesBuildPhase;
			buildActionMask = 2147483647;
			files = (
			);
			runOnlyForDeploymentPostprocessing = 0;
		};
		083AF8661E9F9A3F00AE5445 /* Resources */ = {
			isa = PBXResourcesBuildPhase;
			buildActionMask = 2147483647;
			files = (
			);
			runOnlyForDeploymentPostprocessing = 0;
		};
/* End PBXResourcesBuildPhase section */

/* Begin PBXShellScriptBuildPhase section */
		0D462E04E4BD13DC0AE984F6 /* [CP] Embed Pods Frameworks */ = {
			isa = PBXShellScriptBuildPhase;
			buildActionMask = 2147483647;
			files = (
			);
			inputPaths = (
			);
			name = "[CP] Embed Pods Frameworks";
			outputPaths = (
			);
			runOnlyForDeploymentPostprocessing = 0;
			shellPath = /bin/sh;
			shellScript = "\"${SRCROOT}/Pods/Target Support Files/Pods-QuantoUITests/Pods-QuantoUITests-frameworks.sh\"\n";
			showEnvVarsInLog = 0;
		};
		5743BAC4DE71981A49B4942E /* [CP] Copy Pods Resources */ = {
			isa = PBXShellScriptBuildPhase;
			buildActionMask = 2147483647;
			files = (
			);
			inputPaths = (
			);
			name = "[CP] Copy Pods Resources";
			outputPaths = (
			);
			runOnlyForDeploymentPostprocessing = 0;
			shellPath = /bin/sh;
			shellScript = "\"${SRCROOT}/Pods/Target Support Files/Pods-QuantoTests/Pods-QuantoTests-resources.sh\"\n";
			showEnvVarsInLog = 0;
		};
		5908240E53C5A528AF70EA61 /* [CP] Check Pods Manifest.lock */ = {
			isa = PBXShellScriptBuildPhase;
			buildActionMask = 2147483647;
			files = (
			);
			inputPaths = (
			);
			name = "[CP] Check Pods Manifest.lock";
			outputPaths = (
			);
			runOnlyForDeploymentPostprocessing = 0;
			shellPath = /bin/sh;
			shellScript = "diff \"${PODS_PODFILE_DIR_PATH}/Podfile.lock\" \"${PODS_ROOT}/Manifest.lock\" > /dev/null\nif [ $? != 0 ] ; then\n    # print error to STDERR\n    echo \"error: The sandbox is not in sync with the Podfile.lock. Run 'pod install' or update your CocoaPods installation.\" >&2\n    exit 1\nfi\n";
			showEnvVarsInLog = 0;
		};
		6C23DC5CC025115FCF435CC0 /* [CP] Check Pods Manifest.lock */ = {
			isa = PBXShellScriptBuildPhase;
			buildActionMask = 2147483647;
			files = (
			);
			inputPaths = (
			);
			name = "[CP] Check Pods Manifest.lock";
			outputPaths = (
			);
			runOnlyForDeploymentPostprocessing = 0;
			shellPath = /bin/sh;
			shellScript = "diff \"${PODS_PODFILE_DIR_PATH}/Podfile.lock\" \"${PODS_ROOT}/Manifest.lock\" > /dev/null\nif [ $? != 0 ] ; then\n    # print error to STDERR\n    echo \"error: The sandbox is not in sync with the Podfile.lock. Run 'pod install' or update your CocoaPods installation.\" >&2\n    exit 1\nfi\n";
			showEnvVarsInLog = 0;
		};
		7A0A93391F0B3924002D2975 /* Upload symbols to Crash Report */ = {
			isa = PBXShellScriptBuildPhase;
			buildActionMask = 2147483647;
			files = (
			);
			inputPaths = (
			);
			name = "Upload symbols to Crash Report";
			outputPaths = (
			);
			runOnlyForDeploymentPostprocessing = 0;
			shellPath = /bin/sh;
			shellScript = "# Replace this with the GOOGLE_APP_ID from your GoogleService-Info.plist file\nGOOGLE_APP_ID=1:557806316521:ios:6e0597f5b115f207\n\n# Replace the /Path/To/ServiceAccount.json with the path to the key you just downloaded\n\"${PODS_ROOT}\"/FirebaseCrash/upload-sym \"${PROJECT_DIR}/Keys/quanto-a4e2c-firebase-crashreporting-9z92r-26e70cf6a9.json\"";
		};
		80D6F5EC9E488193C883A0C4 /* [CP] Embed Pods Frameworks */ = {
			isa = PBXShellScriptBuildPhase;
			buildActionMask = 2147483647;
			files = (
			);
			inputPaths = (
			);
			name = "[CP] Embed Pods Frameworks";
			outputPaths = (
			);
			runOnlyForDeploymentPostprocessing = 0;
			shellPath = /bin/sh;
			shellScript = "\"${SRCROOT}/Pods/Target Support Files/Pods-QuantoTests/Pods-QuantoTests-frameworks.sh\"\n";
			showEnvVarsInLog = 0;
		};
		A60F771DAF81E5112070B3DA /* [CP] Copy Pods Resources */ = {
			isa = PBXShellScriptBuildPhase;
			buildActionMask = 2147483647;
			files = (
			);
			inputPaths = (
			);
			name = "[CP] Copy Pods Resources";
			outputPaths = (
			);
			runOnlyForDeploymentPostprocessing = 0;
			shellPath = /bin/sh;
			shellScript = "\"${SRCROOT}/Pods/Target Support Files/Pods-QuantoUITests/Pods-QuantoUITests-resources.sh\"\n";
			showEnvVarsInLog = 0;
		};
		B1CDDEC15022CDFBCA669511 /* [CP] Embed Pods Frameworks */ = {
			isa = PBXShellScriptBuildPhase;
			buildActionMask = 2147483647;
			files = (
			);
			inputPaths = (
			);
			name = "[CP] Embed Pods Frameworks";
			outputPaths = (
			);
			runOnlyForDeploymentPostprocessing = 0;
			shellPath = /bin/sh;
			shellScript = "\"${SRCROOT}/Pods/Target Support Files/Pods-Quanto/Pods-Quanto-frameworks.sh\"\n";
			showEnvVarsInLog = 0;
		};
		E2B88138AC0141BA5B91DF4C /* [CP] Copy Pods Resources */ = {
			isa = PBXShellScriptBuildPhase;
			buildActionMask = 2147483647;
			files = (
			);
			inputPaths = (
			);
			name = "[CP] Copy Pods Resources";
			outputPaths = (
			);
			runOnlyForDeploymentPostprocessing = 0;
			shellPath = /bin/sh;
			shellScript = "\"${SRCROOT}/Pods/Target Support Files/Pods-Quanto/Pods-Quanto-resources.sh\"\n";
			showEnvVarsInLog = 0;
		};
		FB927D3A931BE3FB9EB5D65E /* [CP] Check Pods Manifest.lock */ = {
			isa = PBXShellScriptBuildPhase;
			buildActionMask = 2147483647;
			files = (
			);
			inputPaths = (
			);
			name = "[CP] Check Pods Manifest.lock";
			outputPaths = (
			);
			runOnlyForDeploymentPostprocessing = 0;
			shellPath = /bin/sh;
			shellScript = "diff \"${PODS_PODFILE_DIR_PATH}/Podfile.lock\" \"${PODS_ROOT}/Manifest.lock\" > /dev/null\nif [ $? != 0 ] ; then\n    # print error to STDERR\n    echo \"error: The sandbox is not in sync with the Podfile.lock. Run 'pod install' or update your CocoaPods installation.\" >&2\n    exit 1\nfi\n";
			showEnvVarsInLog = 0;
		};
/* End PBXShellScriptBuildPhase section */

/* Begin PBXSourcesBuildPhase section */
		083AF8451E9F9A3E00AE5445 /* Sources */ = {
			isa = PBXSourcesBuildPhase;
			buildActionMask = 2147483647;
			files = (
				7A111EE51EF86B330042ED78 /* CityData.swift in Sources */,
				7A111EE11EF816F60042ED78 /* CurrencyCell.swift in Sources */,
				7A111ED11EF8112A0042ED78 /* Constants.swift in Sources */,
				7A1DBE761EEACC7C00790B54 /* ProductCell.swift in Sources */,
				7A111ED91EF815840042ED78 /* CountryData.swift in Sources */,
				7A0AEC7A1F1FA7B20094C40E /* CountingLabel.swift in Sources */,
				083AF84F1E9F9A3F00AE5445 /* MainVC.swift in Sources */,
				7AF443221F066A6E006C8958 /* OnBoarding.swift in Sources */,
				7A0D763D1F0660EB007F5AB4 /* CountryButtonPulse.swift in Sources */,
				7A111ED31EF8114B0042ED78 /* DataService.swift in Sources */,
				7AF443261F066C24006C8958 /* OnBoardingVC.swift in Sources */,
				7A111EDD1EF8165F0042ED78 /* DestCurrVC.swift in Sources */,
				7A111ED51EF811650042ED78 /* ExchangeService.swift in Sources */,
				7A382FF41F9507680061762B /* QuantoCoreData.xcdatamodeld in Sources */,
				7A1DBEC11EF172BE00790B54 /* CityCell.swift in Sources */,
				7A111EDF1EF816720042ED78 /* BaseCurrVC.swift in Sources */,
				083AF84D1E9F9A3F00AE5445 /* AppDelegate.swift in Sources */,
			);
			runOnlyForDeploymentPostprocessing = 0;
		};
		083AF8591E9F9A3F00AE5445 /* Sources */ = {
			isa = PBXSourcesBuildPhase;
			buildActionMask = 2147483647;
			files = (
				083AF8621E9F9A3F00AE5445 /* QuantoTests.swift in Sources */,
			);
			runOnlyForDeploymentPostprocessing = 0;
		};
		083AF8641E9F9A3F00AE5445 /* Sources */ = {
			isa = PBXSourcesBuildPhase;
			buildActionMask = 2147483647;
			files = (
				7A0AEC761F1E4D5C0094C40E /* OnBoardingUITest.swift in Sources */,
				083AF86D1E9F9A3F00AE5445 /* QuantoUITests.swift in Sources */,
			);
			runOnlyForDeploymentPostprocessing = 0;
		};
/* End PBXSourcesBuildPhase section */

/* Begin PBXTargetDependency section */
		083AF85F1E9F9A3F00AE5445 /* PBXTargetDependency */ = {
			isa = PBXTargetDependency;
			target = 083AF8481E9F9A3E00AE5445 /* Quanto */;
			targetProxy = 083AF85E1E9F9A3F00AE5445 /* PBXContainerItemProxy */;
		};
		083AF86A1E9F9A3F00AE5445 /* PBXTargetDependency */ = {
			isa = PBXTargetDependency;
			target = 083AF8481E9F9A3E00AE5445 /* Quanto */;
			targetProxy = 083AF8691E9F9A3F00AE5445 /* PBXContainerItemProxy */;
		};
/* End PBXTargetDependency section */

/* Begin PBXVariantGroup section */
		083AF8501E9F9A3F00AE5445 /* Main.storyboard */ = {
			isa = PBXVariantGroup;
			children = (
				083AF8511E9F9A3F00AE5445 /* Base */,
			);
			name = Main.storyboard;
			sourceTree = "<group>";
		};
		7A75586D1EF684E500EC2396 /* LaunchScreen.storyboard */ = {
			isa = PBXVariantGroup;
			children = (
				7A75586E1EF684E500EC2396 /* Base */,
			);
			name = LaunchScreen.storyboard;
			path = ..;
			sourceTree = "<group>";
		};
/* End PBXVariantGroup section */

/* Begin XCBuildConfiguration section */
		083AF86F1E9F9A3F00AE5445 /* Debug */ = {
			isa = XCBuildConfiguration;
			buildSettings = {
				ALWAYS_SEARCH_USER_PATHS = NO;
				CLANG_ANALYZER_NONNULL = YES;
				CLANG_CXX_LANGUAGE_STANDARD = "gnu++0x";
				CLANG_CXX_LIBRARY = "libc++";
				CLANG_ENABLE_MODULES = YES;
				CLANG_ENABLE_OBJC_ARC = YES;
				CLANG_WARN_BOOL_CONVERSION = YES;
				CLANG_WARN_CONSTANT_CONVERSION = YES;
				CLANG_WARN_DIRECT_OBJC_ISA_USAGE = YES_ERROR;
				CLANG_WARN_DOCUMENTATION_COMMENTS = YES;
				CLANG_WARN_EMPTY_BODY = YES;
				CLANG_WARN_ENUM_CONVERSION = YES;
				CLANG_WARN_INFINITE_RECURSION = YES;
				CLANG_WARN_INT_CONVERSION = YES;
				CLANG_WARN_OBJC_ROOT_CLASS = YES_ERROR;
				CLANG_WARN_SUSPICIOUS_MOVE = YES;
				CLANG_WARN_UNREACHABLE_CODE = YES;
				CLANG_WARN__DUPLICATE_METHOD_MATCH = YES;
				"CODE_SIGN_IDENTITY[sdk=iphoneos*]" = "iPhone Developer";
				COPY_PHASE_STRIP = NO;
				DEBUG_INFORMATION_FORMAT = dwarf;
				ENABLE_STRICT_OBJC_MSGSEND = YES;
				ENABLE_TESTABILITY = YES;
				GCC_C_LANGUAGE_STANDARD = gnu99;
				GCC_DYNAMIC_NO_PIC = NO;
				GCC_NO_COMMON_BLOCKS = YES;
				GCC_OPTIMIZATION_LEVEL = 0;
				GCC_PREPROCESSOR_DEFINITIONS = (
					"DEBUG=1",
					"$(inherited)",
				);
				GCC_WARN_64_TO_32_BIT_CONVERSION = YES;
				GCC_WARN_ABOUT_RETURN_TYPE = YES_ERROR;
				GCC_WARN_UNDECLARED_SELECTOR = YES;
				GCC_WARN_UNINITIALIZED_AUTOS = YES_AGGRESSIVE;
				GCC_WARN_UNUSED_FUNCTION = YES;
				GCC_WARN_UNUSED_VARIABLE = YES;
				IPHONEOS_DEPLOYMENT_TARGET = 10.2;
				MTL_ENABLE_DEBUG_INFO = YES;
				ONLY_ACTIVE_ARCH = YES;
				SDKROOT = iphoneos;
				SWIFT_ACTIVE_COMPILATION_CONDITIONS = DEBUG;
				SWIFT_OPTIMIZATION_LEVEL = "-Onone";
			};
			name = Debug;
		};
		083AF8701E9F9A3F00AE5445 /* Release */ = {
			isa = XCBuildConfiguration;
			buildSettings = {
				ALWAYS_SEARCH_USER_PATHS = NO;
				CLANG_ANALYZER_NONNULL = YES;
				CLANG_CXX_LANGUAGE_STANDARD = "gnu++0x";
				CLANG_CXX_LIBRARY = "libc++";
				CLANG_ENABLE_MODULES = YES;
				CLANG_ENABLE_OBJC_ARC = YES;
				CLANG_WARN_BOOL_CONVERSION = YES;
				CLANG_WARN_CONSTANT_CONVERSION = YES;
				CLANG_WARN_DIRECT_OBJC_ISA_USAGE = YES_ERROR;
				CLANG_WARN_DOCUMENTATION_COMMENTS = YES;
				CLANG_WARN_EMPTY_BODY = YES;
				CLANG_WARN_ENUM_CONVERSION = YES;
				CLANG_WARN_INFINITE_RECURSION = YES;
				CLANG_WARN_INT_CONVERSION = YES;
				CLANG_WARN_OBJC_ROOT_CLASS = YES_ERROR;
				CLANG_WARN_SUSPICIOUS_MOVE = YES;
				CLANG_WARN_UNREACHABLE_CODE = YES;
				CLANG_WARN__DUPLICATE_METHOD_MATCH = YES;
				"CODE_SIGN_IDENTITY[sdk=iphoneos*]" = "iPhone Developer";
				COPY_PHASE_STRIP = NO;
				DEBUG_INFORMATION_FORMAT = "dwarf-with-dsym";
				ENABLE_NS_ASSERTIONS = NO;
				ENABLE_STRICT_OBJC_MSGSEND = YES;
				GCC_C_LANGUAGE_STANDARD = gnu99;
				GCC_NO_COMMON_BLOCKS = YES;
				GCC_WARN_64_TO_32_BIT_CONVERSION = YES;
				GCC_WARN_ABOUT_RETURN_TYPE = YES_ERROR;
				GCC_WARN_UNDECLARED_SELECTOR = YES;
				GCC_WARN_UNINITIALIZED_AUTOS = YES_AGGRESSIVE;
				GCC_WARN_UNUSED_FUNCTION = YES;
				GCC_WARN_UNUSED_VARIABLE = YES;
				IPHONEOS_DEPLOYMENT_TARGET = 10.2;
				MTL_ENABLE_DEBUG_INFO = NO;
				SDKROOT = iphoneos;
				SWIFT_OPTIMIZATION_LEVEL = "-Owholemodule";
				VALIDATE_PRODUCT = YES;
			};
			name = Release;
		};
		083AF8721E9F9A3F00AE5445 /* Debug */ = {
			isa = XCBuildConfiguration;
			baseConfigurationReference = 322B8AADB34F9756AAA2CA05 /* Pods-Quanto.debug.xcconfig */;
			buildSettings = {
				ASSETCATALOG_COMPILER_APPICON_NAME = AppIcon;
				CODE_SIGN_ENTITLEMENTS = Quanto/Quanto.entitlements;
				"CODE_SIGN_IDENTITY[sdk=iphoneos*]" = "iPhone Developer";
				DEVELOPMENT_TEAM = "";
				INFOPLIST_FILE = Quanto/Info.plist;
				LD_RUNPATH_SEARCH_PATHS = "$(inherited) @executable_path/Frameworks";
				PRODUCT_BUNDLE_IDENTIFIER = com.klish3.Quanto;
				PRODUCT_NAME = "$(TARGET_NAME)";
				PROVISIONING_PROFILE = "";
				PROVISIONING_PROFILE_SPECIFIER = "";
				SWIFT_VERSION = 3.0;
			};
			name = Debug;
		};
		083AF8731E9F9A3F00AE5445 /* Release */ = {
			isa = XCBuildConfiguration;
			baseConfigurationReference = D7D6C895F026A255A0E8E604 /* Pods-Quanto.release.xcconfig */;
			buildSettings = {
				ASSETCATALOG_COMPILER_APPICON_NAME = AppIcon;
				CODE_SIGN_ENTITLEMENTS = Quanto/Quanto.entitlements;
				"CODE_SIGN_IDENTITY[sdk=iphoneos*]" = "iPhone Developer";
				DEVELOPMENT_TEAM = "";
				INFOPLIST_FILE = Quanto/Info.plist;
				LD_RUNPATH_SEARCH_PATHS = "$(inherited) @executable_path/Frameworks";
				PRODUCT_BUNDLE_IDENTIFIER = com.klish3.Quanto;
				PRODUCT_NAME = "$(TARGET_NAME)";
				PROVISIONING_PROFILE = "";
				PROVISIONING_PROFILE_SPECIFIER = "";
				SWIFT_VERSION = 3.0;
			};
			name = Release;
		};
		083AF8751E9F9A3F00AE5445 /* Debug */ = {
			isa = XCBuildConfiguration;
			baseConfigurationReference = 9908104F371C4991C5E53344 /* Pods-QuantoTests.debug.xcconfig */;
			buildSettings = {
				ALWAYS_EMBED_SWIFT_STANDARD_LIBRARIES = YES;
				BUNDLE_LOADER = "$(TEST_HOST)";
				DEVELOPMENT_TEAM = 79872QZ8UM;
				INFOPLIST_FILE = QuantoTests/Info.plist;
				LD_RUNPATH_SEARCH_PATHS = "$(inherited) @executable_path/Frameworks @loader_path/Frameworks";
				PRODUCT_BUNDLE_IDENTIFIER = com.klish3.QuantoTests;
				PRODUCT_NAME = "$(TARGET_NAME)";
				SWIFT_VERSION = 3.0;
				TEST_HOST = "$(BUILT_PRODUCTS_DIR)/Quanto.app/Quanto";
			};
			name = Debug;
		};
		083AF8761E9F9A3F00AE5445 /* Release */ = {
			isa = XCBuildConfiguration;
			baseConfigurationReference = F57C65DB55919298D22DA1A6 /* Pods-QuantoTests.release.xcconfig */;
			buildSettings = {
				ALWAYS_EMBED_SWIFT_STANDARD_LIBRARIES = YES;
				BUNDLE_LOADER = "$(TEST_HOST)";
				DEVELOPMENT_TEAM = 79872QZ8UM;
				INFOPLIST_FILE = QuantoTests/Info.plist;
				LD_RUNPATH_SEARCH_PATHS = "$(inherited) @executable_path/Frameworks @loader_path/Frameworks";
				PRODUCT_BUNDLE_IDENTIFIER = com.klish3.QuantoTests;
				PRODUCT_NAME = "$(TARGET_NAME)";
				SWIFT_VERSION = 3.0;
				TEST_HOST = "$(BUILT_PRODUCTS_DIR)/Quanto.app/Quanto";
			};
			name = Release;
		};
		083AF8781E9F9A3F00AE5445 /* Debug */ = {
			isa = XCBuildConfiguration;
			baseConfigurationReference = F3EE4AA80CD78F602090DED4 /* Pods-QuantoUITests.debug.xcconfig */;
			buildSettings = {
				ALWAYS_EMBED_SWIFT_STANDARD_LIBRARIES = YES;
				DEVELOPMENT_TEAM = 79872QZ8UM;
				INFOPLIST_FILE = QuantoUITests/Info.plist;
				LD_RUNPATH_SEARCH_PATHS = "$(inherited) @executable_path/Frameworks @loader_path/Frameworks";
				PRODUCT_BUNDLE_IDENTIFIER = com.klish3.QuantoUITests;
				PRODUCT_NAME = "$(TARGET_NAME)";
				SWIFT_VERSION = 3.0;
				TEST_TARGET_NAME = Quanto;
			};
			name = Debug;
		};
		083AF8791E9F9A3F00AE5445 /* Release */ = {
			isa = XCBuildConfiguration;
			baseConfigurationReference = 6859BF1640DC9097F58D812D /* Pods-QuantoUITests.release.xcconfig */;
			buildSettings = {
				ALWAYS_EMBED_SWIFT_STANDARD_LIBRARIES = YES;
				DEVELOPMENT_TEAM = 79872QZ8UM;
				INFOPLIST_FILE = QuantoUITests/Info.plist;
				LD_RUNPATH_SEARCH_PATHS = "$(inherited) @executable_path/Frameworks @loader_path/Frameworks";
				PRODUCT_BUNDLE_IDENTIFIER = com.klish3.QuantoUITests;
				PRODUCT_NAME = "$(TARGET_NAME)";
				SWIFT_VERSION = 3.0;
				TEST_TARGET_NAME = Quanto;
			};
			name = Release;
		};
/* End XCBuildConfiguration section */

/* Begin XCConfigurationList section */
		083AF8441E9F9A3E00AE5445 /* Build configuration list for PBXProject "Quanto" */ = {
			isa = XCConfigurationList;
			buildConfigurations = (
				083AF86F1E9F9A3F00AE5445 /* Debug */,
				083AF8701E9F9A3F00AE5445 /* Release */,
			);
			defaultConfigurationIsVisible = 0;
			defaultConfigurationName = Release;
		};
		083AF8711E9F9A3F00AE5445 /* Build configuration list for PBXNativeTarget "Quanto" */ = {
			isa = XCConfigurationList;
			buildConfigurations = (
				083AF8721E9F9A3F00AE5445 /* Debug */,
				083AF8731E9F9A3F00AE5445 /* Release */,
			);
			defaultConfigurationIsVisible = 0;
			defaultConfigurationName = Release;
		};
		083AF8741E9F9A3F00AE5445 /* Build configuration list for PBXNativeTarget "QuantoTests" */ = {
			isa = XCConfigurationList;
			buildConfigurations = (
				083AF8751E9F9A3F00AE5445 /* Debug */,
				083AF8761E9F9A3F00AE5445 /* Release */,
			);
			defaultConfigurationIsVisible = 0;
			defaultConfigurationName = Release;
		};
		083AF8771E9F9A3F00AE5445 /* Build configuration list for PBXNativeTarget "QuantoUITests" */ = {
			isa = XCConfigurationList;
			buildConfigurations = (
				083AF8781E9F9A3F00AE5445 /* Debug */,
				083AF8791E9F9A3F00AE5445 /* Release */,
			);
			defaultConfigurationIsVisible = 0;
			defaultConfigurationName = Release;
		};
/* End XCConfigurationList section */

/* Begin XCVersionGroup section */
		7A382FF21F9507680061762B /* QuantoCoreData.xcdatamodeld */ = {
			isa = XCVersionGroup;
			children = (
				7A382FF31F9507680061762B /* QuantoCoreData.xcdatamodel */,
			);
			currentVersion = 7A382FF31F9507680061762B /* QuantoCoreData.xcdatamodel */;
			path = QuantoCoreData.xcdatamodeld;
			sourceTree = "<group>";
			versionGroupType = wrapper.xcdatamodel;
		};
/* End XCVersionGroup section */
	};
	rootObject = 083AF8411E9F9A3E00AE5445 /* Project object */;
}
